
Microsoft Visual Studio Solution File, Format Version 12.00
# Visual Studio Version 17
VisualStudioVersion = 17.14.36616.10 d17.14
MinimumVisualStudioVersion = 10.0.40219.1
Project("{FAE04EC0-301F-11D3-BF4B-00C04F79EFBC}") = "SupportTicketing.Application", "SupportTicketing.Application\SupportTicketing.Application.csproj", "{C17752F8-7487-403D-A296-7A183C9BE2E0}"
EndProject
Global
	GlobalSection(SolutionConfigurationPlatforms) = preSolution
		Debug|Any CPU = Debug|Any CPU
		Release|Any CPU = Release|Any CPU
	EndGlobalSection
	GlobalSection(ProjectConfigurationPlatforms) = postSolution
		{C17752F8-7487-403D-A296-7A183C9BE2E0}.Debug|Any CPU.ActiveCfg = Debug|Any CPU
		{C17752F8-7487-403D-A296-7A183C9BE2E0}.Debug|Any CPU.Build.0 = Debug|Any CPU
		{C17752F8-7487-403D-A296-7A183C9BE2E0}.Release|Any CPU.ActiveCfg = Release|Any CPU
		{C17752F8-7487-403D-A296-7A183C9BE2E0}.Release|Any CPU.Build.0 = Release|Any CPU
	EndGlobalSection
	GlobalSection(SolutionProperties) = preSolution
		HideSolutionNode = FALSE
	EndGlobalSection
	GlobalSection(ExtensibilityGlobals) = postSolution
		SolutionGuid = {381DCCBA-1AF2-4ED1-8B6A-75CF71364605}
	EndGlobalSection
EndGlobal
